// !$*UTF8*$!
{
	archiveVersion = 1;
	classes = {
	};
	objectVersion = 46;
	objects = {

/* Begin PBXBuildFile section */
		0A0C872C1C494F14007ED112 /* AppDelegate.swift in Sources */ = {isa = PBXBuildFile; fileRef = 0A0C872B1C494F14007ED112 /* AppDelegate.swift */; };
		0A0C872E1C494F14007ED112 /* ViewController.swift in Sources */ = {isa = PBXBuildFile; fileRef = 0A0C872D1C494F14007ED112 /* ViewController.swift */; };
		0A0C87311C494F14007ED112 /* Main.storyboard in Resources */ = {isa = PBXBuildFile; fileRef = 0A0C872F1C494F14007ED112 /* Main.storyboard */; };
		0A0C87331C494F14007ED112 /* Assets.xcassets in Resources */ = {isa = PBXBuildFile; fileRef = 0A0C87321C494F14007ED112 /* Assets.xcassets */; };
		0A0C87361C494F14007ED112 /* LaunchScreen.storyboard in Resources */ = {isa = PBXBuildFile; fileRef = 0A0C87341C494F14007ED112 /* LaunchScreen.storyboard */; };
		0A0C87411C494F14007ED112 /* gitUpProjectTests.swift in Sources */ = {isa = PBXBuildFile; fileRef = 0A0C87401C494F14007ED112 /* gitUpProjectTests.swift */; };
		0A0C874C1C494F14007ED112 /* gitUpProjectUITests.swift in Sources */ = {isa = PBXBuildFile; fileRef = 0A0C874B1C494F14007ED112 /* gitUpProjectUITests.swift */; };
/* End PBXBuildFile section */

/* Begin PBXContainerItemProxy section */
		0A0C873D1C494F14007ED112 /* PBXContainerItemProxy */ = {
			isa = PBXContainerItemProxy;
			containerPortal = 0A0C87201C494F14007ED112 /* Project object */;
			proxyType = 1;
			remoteGlobalIDString = 0A0C87271C494F14007ED112;
			remoteInfo = gitUpProject;
		};
		0A0C87481C494F14007ED112 /* PBXContainerItemProxy */ = {
			isa = PBXContainerItemProxy;
			containerPortal = 0A0C87201C494F14007ED112 /* Project object */;
			proxyType = 1;
			remoteGlobalIDString = 0A0C87271C494F14007ED112;
			remoteInfo = gitUpProject;
		};
/* End PBXContainerItemProxy section */

/* Begin PBXFileReference section */
		0A0C87281C494F14007ED112 /* gitUpProject.app */ = {isa = PBXFileReference; explicitFileType = wrapper.application; includeInIndex = 0; path = gitUpProject.app; sourceTree = BUILT_PRODUCTS_DIR; };
		0A0C872B1C494F14007ED112 /* AppDelegate.swift */ = {isa = PBXFileReference; lastKnownFileType = sourcecode.swift; path = AppDelegate.swift; sourceTree = "<group>"; };
		0A0C872D1C494F14007ED112 /* ViewController.swift */ = {isa = PBXFileReference; lastKnownFileType = sourcecode.swift; path = ViewController.swift; sourceTree = "<group>"; };
		0A0C87301C494F14007ED112 /* Base */ = {isa = PBXFileReference; lastKnownFileType = file.storyboard; name = Base; path = Base.lproj/Main.storyboard; sourceTree = "<group>"; };
		0A0C87321C494F14007ED112 /* Assets.xcassets */ = {isa = PBXFileReference; lastKnownFileType = folder.assetcatalog; path = Assets.xcassets; sourceTree = "<group>"; };
		0A0C87351C494F14007ED112 /* Base */ = {isa = PBXFileReference; lastKnownFileType = file.storyboard; name = Base; path = Base.lproj/LaunchScreen.storyboard; sourceTree = "<group>"; };
		0A0C87371C494F14007ED112 /* Info.plist */ = {isa = PBXFileReference; lastKnownFileType = text.plist.xml; path = Info.plist; sourceTree = "<group>"; };
		0A0C873C1C494F14007ED112 /* gitUpProjectTests.xctest */ = {isa = PBXFileReference; explicitFileType = wrapper.cfbundle; includeInIndex = 0; path = gitUpProjectTests.xctest; sourceTree = BUILT_PRODUCTS_DIR; };
		0A0C87401C494F14007ED112 /* gitUpProjectTests.swift */ = {isa = PBXFileReference; lastKnownFileType = sourcecode.swift; path = gitUpProjectTests.swift; sourceTree = "<group>"; };
		0A0C87421C494F14007ED112 /* Info.plist */ = {isa = PBXFileReference; lastKnownFileType = text.plist.xml; path = Info.plist; sourceTree = "<group>"; };
		0A0C87471C494F14007ED112 /* gitUpProjectUITests.xctest */ = {isa = PBXFileReference; explicitFileType = wrapper.cfbundle; includeInIndex = 0; path = gitUpProjectUITests.xctest; sourceTree = BUILT_PRODUCTS_DIR; };
		0A0C874B1C494F14007ED112 /* gitUpProjectUITests.swift */ = {isa = PBXFileReference; lastKnownFileType = sourcecode.swift; path = gitUpProjectUITests.swift; sourceTree = "<group>"; };
		0A0C874D1C494F14007ED112 /* Info.plist */ = {isa = PBXFileReference; lastKnownFileType = text.plist.xml; path = Info.plist; sourceTree = "<group>"; };
/* End PBXFileReference section */

/* Begin PBXFrameworksBuildPhase section */
		0A0C87251C494F14007ED112 /* Frameworks */ = {
			isa = PBXFrameworksBuildPhase;
			buildActionMask = 2147483647;
			files = (
			);
			runOnlyForDeploymentPostprocessing = 0;
		};
		0A0C87391C494F14007ED112 /* Frameworks */ = {
			isa = PBXFrameworksBuildPhase;
			buildActionMask = 2147483647;
			files = (
			);
			runOnlyForDeploymentPostprocessing = 0;
		};
		0A0C87441C494F14007ED112 /* Frameworks */ = {
			isa = PBXFrameworksBuildPhase;
			buildActionMask = 2147483647;
			files = (
			);
			runOnlyForDeploymentPostprocessing = 0;
		};
/* End PBXFrameworksBuildPhase section */

/* Begin PBXGroup section */
		0A0C871F1C494F14007ED112 = {
			isa = PBXGroup;
			children = (
				0A0C872A1C494F14007ED112 /* gitUpProject */,
				0A0C873F1C494F14007ED112 /* gitUpProjectTests */,
				0A0C874A1C494F14007ED112 /* gitUpProjectUITests */,
				0A0C87291C494F14007ED112 /* Products */,
			);
			sourceTree = "<group>";
		};
		0A0C87291C494F14007ED112 /* Products */ = {
			isa = PBXGroup;
			children = (
				0A0C87281C494F14007ED112 /* gitUpProject.app */,
				0A0C873C1C494F14007ED112 /* gitUpProjectTests.xctest */,
				0A0C87471C494F14007ED112 /* gitUpProjectUITests.xctest */,
			);
			name = Products;
			sourceTree = "<group>";
		};
		0A0C872A1C494F14007ED112 /* gitUpProject */ = {
			isa = PBXGroup;
			children = (
				0A0C872B1C494F14007ED112 /* AppDelegate.swift */,
				0A0C872D1C494F14007ED112 /* ViewController.swift */,
				0A0C872F1C494F14007ED112 /* Main.storyboard */,
				0A0C87321C494F14007ED112 /* Assets.xcassets */,
				0A0C87341C494F14007ED112 /* LaunchScreen.storyboard */,
				0A0C87371C494F14007ED112 /* Info.plist */,
			);
			path = gitUpProject;
			sourceTree = "<group>";
		};
		0A0C873F1C494F14007ED112 /* gitUpProjectTests */ = {
			isa = PBXGroup;
			children = (
				0A0C87401C494F14007ED112 /* gitUpProjectTests.swift */,
				0A0C87421C494F14007ED112 /* Info.plist */,
			);
			path = gitUpProjectTests;
			sourceTree = "<group>";
		};
		0A0C874A1C494F14007ED112 /* gitUpProjectUITests */ = {
			isa = PBXGroup;
			children = (
				0A0C874B1C494F14007ED112 /* gitUpProjectUITests.swift */,
				0A0C874D1C494F14007ED112 /* Info.plist */,
			);
			path = gitUpProjectUITests;
			sourceTree = "<group>";
		};
/* End PBXGroup section */

/* Begin PBXNativeTarget section */
		0A0C87271C494F14007ED112 /* gitUpProject */ = {
			isa = PBXNativeTarget;
			buildConfigurationList = 0A0C87501C494F14007ED112 /* Build configuration list for PBXNativeTarget "gitUpProject" */;
			buildPhases = (
				0A0C87241C494F14007ED112 /* Sources */,
				0A0C87251C494F14007ED112 /* Frameworks */,
				0A0C87261C494F14007ED112 /* Resources */,
			);
			buildRules = (
			);
			dependencies = (
			);
			name = gitUpProject;
			productName = gitUpProject;
			productReference = 0A0C87281C494F14007ED112 /* gitUpProject.app */;
			productType = "com.apple.product-type.application";
		};
		0A0C873B1C494F14007ED112 /* gitUpProjectTests */ = {
			isa = PBXNativeTarget;
			buildConfigurationList = 0A0C87531C494F14007ED112 /* Build configuration list for PBXNativeTarget "gitUpProjectTests" */;
			buildPhases = (
				0A0C87381C494F14007ED112 /* Sources */,
				0A0C87391C494F14007ED112 /* Frameworks */,
				0A0C873A1C494F14007ED112 /* Resources */,
			);
			buildRules = (
			);
			dependencies = (
				0A0C873E1C494F14007ED112 /* PBXTargetDependency */,
			);
			name = gitUpProjectTests;
			productName = gitUpProjectTests;
			productReference = 0A0C873C1C494F14007ED112 /* gitUpProjectTests.xctest */;
			productType = "com.apple.product-type.bundle.unit-test";
		};
		0A0C87461C494F14007ED112 /* gitUpProjectUITests */ = {
			isa = PBXNativeTarget;
			buildConfigurationList = 0A0C87561C494F14007ED112 /* Build configuration list for PBXNativeTarget "gitUpProjectUITests" */;
			buildPhases = (
				0A0C87431C494F14007ED112 /* Sources */,
				0A0C87441C494F14007ED112 /* Frameworks */,
				0A0C87451C494F14007ED112 /* Resources */,
			);
			buildRules = (
			);
			dependencies = (
				0A0C87491C494F14007ED112 /* PBXTargetDependency */,
			);
			name = gitUpProjectUITests;
			productName = gitUpProjectUITests;
			productReference = 0A0C87471C494F14007ED112 /* gitUpProjectUITests.xctest */;
			productType = "com.apple.product-type.bundle.ui-testing";
		};
/* End PBXNativeTarget section */

/* Begin PBXProject section */
		0A0C87201C494F14007ED112 /* Project object */ = {
			isa = PBXProject;
			attributes = {
				LastSwiftUpdateCheck = 0720;
				LastUpgradeCheck = 0720;
				ORGANIZATIONNAME = SantaOlalde;
				TargetAttributes = {
					0A0C87271C494F14007ED112 = {
						CreatedOnToolsVersion = 7.2;
					};
					0A0C873B1C494F14007ED112 = {
						CreatedOnToolsVersion = 7.2;
						TestTargetID = 0A0C87271C494F14007ED112;
					};
					0A0C87461C494F14007ED112 = {
						CreatedOnToolsVersion = 7.2;
						TestTargetID = 0A0C87271C494F14007ED112;
					};
				};
			};
			buildConfigurationList = 0A0C87231C494F14007ED112 /* Build configuration list for PBXProject "gitUpProject" */;
			compatibilityVersion = "Xcode 3.2";
			developmentRegion = English;
			hasScannedForEncodings = 0;
			knownRegions = (
				en,
				Base,
			);
			mainGroup = 0A0C871F1C494F14007ED112;
			productRefGroup = 0A0C87291C494F14007ED112 /* Products */;
			projectDirPath = "";
			projectRoot = "";
			targets = (
				0A0C87271C494F14007ED112 /* gitUpProject */,
				0A0C873B1C494F14007ED112 /* gitUpProjectTests */,
				0A0C87461C494F14007ED112 /* gitUpProjectUITests */,
			);
		};
/* End PBXProject section */

/* Begin PBXResourcesBuildPhase section */
		0A0C87261C494F14007ED112 /* Resources */ = {
			isa = PBXResourcesBuildPhase;
			buildActionMask = 2147483647;
			files = (
				0A0C87361C494F14007ED112 /* LaunchScreen.storyboard in Resources */,
				0A0C87331C494F14007ED112 /* Assets.xcassets in Resources */,
				0A0C87311C494F14007ED112 /* Main.storyboard in Resources */,
			);
			runOnlyForDeploymentPostprocessing = 0;
		};
		0A0C873A1C494F14007ED112 /* Resources */ = {
			isa = PBXResourcesBuildPhase;
			buildActionMask = 2147483647;
			files = (
			);
			runOnlyForDeploymentPostprocessing = 0;
		};
		0A0C87451C494F14007ED112 /* Resources */ = {
			isa = PBXResourcesBuildPhase;
			buildActionMask = 2147483647;
			files = (
			);
			runOnlyForDeploymentPostprocessing = 0;
		};
/* End PBXResourcesBuildPhase section */

/* Begin PBXSourcesBuildPhase section */
		0A0C87241C494F14007ED112 /* Sources */ = {
			isa = PBXSourcesBuildPhase;
			buildActionMask = 2147483647;
			files = (
				0A0C872E1C494F14007ED112 /* ViewController.swift in Sources */,
				0A0C872C1C494F14007ED112 /* AppDelegate.swift in Sources */,
			);
			runOnlyForDeploymentPostprocessing = 0;
		};
		0A0C87381C494F14007ED112 /* Sources */ = {
			isa = PBXSourcesBuildPhase;
			buildActionMask = 2147483647;
			files = (
				0A0C87411C494F14007ED112 /* gitUpProjectTests.swift in Sources */,
			);
			runOnlyForDeploymentPostprocessing = 0;
		};
		0A0C87431C494F14007ED112 /* Sources */ = {
			isa = PBXSourcesBuildPhase;
			buildActionMask = 2147483647;
			files = (
				0A0C874C1C494F14007ED112 /* gitUpProjectUITests.swift in Sources */,
			);
			runOnlyForDeploymentPostprocessing = 0;
		};
/* End PBXSourcesBuildPhase section */

/* Begin PBXTargetDependency section */
		0A0C873E1C494F14007ED112 /* PBXTargetDependency */ = {
			isa = PBXTargetDependency;
			target = 0A0C87271C494F14007ED112 /* gitUpProject */;
			targetProxy = 0A0C873D1C494F14007ED112 /* PBXContainerItemProxy */;
		};
		0A0C87491C494F14007ED112 /* PBXTargetDependency */ = {
			isa = PBXTargetDependency;
			target = 0A0C87271C494F14007ED112 /* gitUpProject */;
			targetProxy = 0A0C87481C494F14007ED112 /* PBXContainerItemProxy */;
		};
/* End PBXTargetDependency section */

/* Begin PBXVariantGroup section */
		0A0C872F1C494F14007ED112 /* Main.storyboard */ = {
			isa = PBXVariantGroup;
			children = (
				0A0C87301C494F14007ED112 /* Base */,
			);
			name = Main.storyboard;
			sourceTree = "<group>";
		};
		0A0C87341C494F14007ED112 /* LaunchScreen.storyboard */ = {
			isa = PBXVariantGroup;
			children = (
				0A0C87351C494F14007ED112 /* Base */,
			);
			name = LaunchScreen.storyboard;
			sourceTree = "<group>";
		};
/* End PBXVariantGroup section */

/* Begin XCBuildConfiguration section */
		0A0C874E1C494F14007ED112 /* Debug */ = {
			isa = XCBuildConfiguration;
			buildSettings = {
				ALWAYS_SEARCH_USER_PATHS = NO;
				CLANG_CXX_LANGUAGE_STANDARD = "gnu++0x";
				CLANG_CXX_LIBRARY = "libc++";
				CLANG_ENABLE_MODULES = YES;
				CLANG_ENABLE_OBJC_ARC = YES;
				CLANG_WARN_BOOL_CONVERSION = YES;
				CLANG_WARN_CONSTANT_CONVERSION = YES;
				CLANG_WARN_DIRECT_OBJC_ISA_USAGE = YES_ERROR;
				CLANG_WARN_EMPTY_BODY = YES;
				CLANG_WARN_ENUM_CONVERSION = YES;
				CLANG_WARN_INT_CONVERSION = YES;
				CLANG_WARN_OBJC_ROOT_CLASS = YES_ERROR;
				CLANG_WARN_UNREACHABLE_CODE = YES;
				CLANG_WARN__DUPLICATE_METHOD_MATCH = YES;
				"CODE_SIGN_IDENTITY[sdk=iphoneos*]" = "iPhone Developer";
				COPY_PHASE_STRIP = NO;
				DEBUG_INFORMATION_FORMAT = dwarf;
				ENABLE_STRICT_OBJC_MSGSEND = YES;
				ENABLE_TESTABILITY = YES;
				GCC_C_LANGUAGE_STANDARD = gnu99;
				GCC_DYNAMIC_NO_PIC = NO;
				GCC_NO_COMMON_BLOCKS = YES;
				GCC_OPTIMIZATION_LEVEL = 0;
				GCC_PREPROCESSOR_DEFINITIONS = (
					"DEBUG=1",
					"$(inherited)",
				);
				GCC_WARN_64_TO_32_BIT_CONVERSION = YES;
				GCC_WARN_ABOUT_RETURN_TYPE = YES_ERROR;
				GCC_WARN_UNDECLARED_SELECTOR = YES;
				GCC_WARN_UNINITIALIZED_AUTOS = YES_AGGRESSIVE;
				GCC_WARN_UNUSED_FUNCTION = YES;
				GCC_WARN_UNUSED_VARIABLE = YES;
				IPHONEOS_DEPLOYMENT_TARGET = 9.2;
				MTL_ENABLE_DEBUG_INFO = YES;
				ONLY_ACTIVE_ARCH = YES;
				SDKROOT = iphoneos;
				SWIFT_OPTIMIZATION_LEVEL = "-Onone";
			};
			name = Debug;
		};
		0A0C874F1C494F14007ED112 /* Release */ = {
			isa = XCBuildConfiguration;
			buildSettings = {
				ALWAYS_SEARCH_USER_PATHS = NO;
				CLANG_CXX_LANGUAGE_STANDARD = "gnu++0x";
				CLANG_CXX_LIBRARY = "libc++";
				CLANG_ENABLE_MODULES = YES;
				CLANG_ENABLE_OBJC_ARC = YES;
				CLANG_WARN_BOOL_CONVERSION = YES;
				CLANG_WARN_CONSTANT_CONVERSION = YES;
				CLANG_WARN_DIRECT_OBJC_ISA_USAGE = YES_ERROR;
				CLANG_WARN_EMPTY_BODY = YES;
				CLANG_WARN_ENUM_CONVERSION = YES;
				CLANG_WARN_INT_CONVERSION = YES;
				CLANG_WARN_OBJC_ROOT_CLASS = YES_ERROR;
				CLANG_WARN_UNREACHABLE_CODE = YES;
				CLANG_WARN__DUPLICATE_METHOD_MATCH = YES;
				"CODE_SIGN_IDENTITY[sdk=iphoneos*]" = "iPhone Developer";
				COPY_PHASE_STRIP = NO;
				DEBUG_INFORMATION_FORMAT = "dwarf-with-dsym";
				ENABLE_NS_ASSERTIONS = NO;
				ENABLE_STRICT_OBJC_MSGSEND = YES;
				GCC_C_LANGUAGE_STANDARD = gnu99;
				GCC_NO_COMMON_BLOCKS = YES;
				GCC_WARN_64_TO_32_BIT_CONVERSION = YES;
				GCC_WARN_ABOUT_RETURN_TYPE = YES_ERROR;
				GCC_WARN_UNDECLARED_SELECTOR = YES;
				GCC_WARN_UNINITIALIZED_AUTOS = YES_AGGRESSIVE;
				GCC_WARN_UNUSED_FUNCTION = YES;
				GCC_WARN_UNUSED_VARIABLE = YES;
				IPHONEOS_DEPLOYMENT_TARGET = 9.2;
				MTL_ENABLE_DEBUG_INFO = NO;
				SDKROOT = iphoneos;
				VALIDATE_PRODUCT = YES;
			};
			name = Release;
		};
		0A0C87511C494F14007ED112 /* Debug */ = {
			isa = XCBuildConfiguration;
			buildSettings = {
				ASSETCATALOG_COMPILER_APPICON_NAME = AppIcon;
				INFOPLIST_FILE = gitUpProject/Info.plist;
				LD_RUNPATH_SEARCH_PATHS = "$(inherited) @executable_path/Frameworks";
				PRODUCT_BUNDLE_IDENTIFIER = SantOlalde.gitUpProject;
				PRODUCT_NAME = "$(TARGET_NAME)";
			};
			name = Debug;
		};
		0A0C87521C494F14007ED112 /* Release */ = {
			isa = XCBuildConfiguration;
			buildSettings = {
				ASSETCATALOG_COMPILER_APPICON_NAME = AppIcon;
				INFOPLIST_FILE = gitUpProject/Info.plist;
				LD_RUNPATH_SEARCH_PATHS = "$(inherited) @executable_path/Frameworks";
				PRODUCT_BUNDLE_IDENTIFIER = SantOlalde.gitUpProject;
				PRODUCT_NAME = "$(TARGET_NAME)";
			};
			name = Release;
		};
		0A0C87541C494F14007ED112 /* Debug */ = {
			isa = XCBuildConfiguration;
			buildSettings = {
				BUNDLE_LOADER = "$(TEST_HOST)";
				INFOPLIST_FILE = gitUpProjectTests/Info.plist;
				LD_RUNPATH_SEARCH_PATHS = "$(inherited) @executable_path/Frameworks @loader_path/Frameworks";
				PRODUCT_BUNDLE_IDENTIFIER = SantOlalde.gitUpProjectTests;
				PRODUCT_NAME = "$(TARGET_NAME)";
				TEST_HOST = "$(BUILT_PRODUCTS_DIR)/gitUpProject.app/gitUpProject";
			};
			name = Debug;
		};
		0A0C87551C494F14007ED112 /* Release */ = {
			isa = XCBuildConfiguration;
			buildSettings = {
				BUNDLE_LOADER = "$(TEST_HOST)";
				INFOPLIST_FILE = gitUpProjectTests/Info.plist;
				LD_RUNPATH_SEARCH_PATHS = "$(inherited) @executable_path/Frameworks @loader_path/Frameworks";
				PRODUCT_BUNDLE_IDENTIFIER = SantOlalde.gitUpProjectTests;
				PRODUCT_NAME = "$(TARGET_NAME)";
				TEST_HOST = "$(BUILT_PRODUCTS_DIR)/gitUpProject.app/gitUpProject";
			};
			name = Release;
		};
		0A0C87571C494F14007ED112 /* Debug */ = {
			isa = XCBuildConfiguration;
			buildSettings = {
				INFOPLIST_FILE = gitUpProjectUITests/Info.plist;
				LD_RUNPATH_SEARCH_PATHS = "$(inherited) @executable_path/Frameworks @loader_path/Frameworks";
				PRODUCT_BUNDLE_IDENTIFIER = SantOlalde.gitUpProjectUITests;
				PRODUCT_NAME = "$(TARGET_NAME)";
				TEST_TARGET_NAME = gitUpProject;
				USES_XCTRUNNER = YES;
			};
			name = Debug;
		};
		0A0C87581C494F14007ED112 /* Release */ = {
			isa = XCBuildConfiguration;
			buildSettings = {
				INFOPLIST_FILE = gitUpProjectUITests/Info.plist;
				LD_RUNPATH_SEARCH_PATHS = "$(inherited) @executable_path/Frameworks @loader_path/Frameworks";
				PRODUCT_BUNDLE_IDENTIFIER = SantOlalde.gitUpProjectUITests;
				PRODUCT_NAME = "$(TARGET_NAME)";
				TEST_TARGET_NAME = gitUpProject;
				USES_XCTRUNNER = YES;
			};
			name = Release;
		};
/* End XCBuildConfiguration section */

/* Begin XCConfigurationList section */
		0A0C87231C494F14007ED112 /* Build configuration list for PBXProject "gitUpProject" */ = {
			isa = XCConfigurationList;
			buildConfigurations = (
				0A0C874E1C494F14007ED112 /* Debug */,
				0A0C874F1C494F14007ED112 /* Release */,
			);
			defaultConfigurationIsVisible = 0;
			defaultConfigurationName = Release;
		};
		0A0C87501C494F14007ED112 /* Build configuration list for PBXNativeTarget "gitUpProject" */ = {
			isa = XCConfigurationList;
			buildConfigurations = (
				0A0C87511C494F14007ED112 /* Debug */,
				0A0C87521C494F14007ED112 /* Release */,
			);
			defaultConfigurationIsVisible = 0;
		};
		0A0C87531C494F14007ED112 /* Build configuration list for PBXNativeTarget "gitUpProjectTests" */ = {
			isa = XCConfigurationList;
			buildConfigurations = (
				0A0C87541C494F14007ED112 /* Debug */,
				0A0C87551C494F14007ED112 /* Release */,
			);
			defaultConfigurationIsVisible = 0;
		};
		0A0C87561C494F14007ED112 /* Build configuration list for PBXNativeTarget "gitUpProjectUITests" */ = {
			isa = XCConfigurationList;
			buildConfigurations = (
				0A0C87571C494F14007ED112 /* Debug */,
				0A0C87581C494F14007ED112 /* Release */,
			);
			defaultConfigurationIsVisible = 0;
		};
/* End XCConfigurationList section */
	};
	rootObject = 0A0C87201C494F14007ED112 /* Project object */;
}
